
Microsoft Visual Studio Solution File, Format Version 12.00
# Visual Studio Version 17
VisualStudioVersion = 17.3.32825.248
MinimumVisualStudioVersion = 10.0.40219.1
Project("{00D1A9C2-B5F0-4AF3-8072-F6C62B433612}") = "MovieDb", "MovieDb\MovieDb.sqlproj", "{78A406B4-3E23-4BC4-88BD-7BF79CE2BB75}"
EndProject
Project("{FAE04EC0-301F-11D3-BF4B-00C04F79EFBC}") = "MovieApi", "MovieApi\MovieApi.csproj", "{083BA4ED-DB3D-40F5-8EA5-1CB395DDA203}"
EndProject
Global
	GlobalSection(SolutionConfigurationPlatforms) = preSolution
		Debug|Any CPU = Debug|Any CPU
		Release|Any CPU = Release|Any CPU
	EndGlobalSection
	GlobalSection(ProjectConfigurationPlatforms) = postSolution
		{78A406B4-3E23-4BC4-88BD-7BF79CE2BB75}.Debug|Any CPU.ActiveCfg = Debug|Any CPU
		{78A406B4-3E23-4BC4-88BD-7BF79CE2BB75}.Debug|Any CPU.Build.0 = Debug|Any CPU
		{78A406B4-3E23-4BC4-88BD-7BF79CE2BB75}.Debug|Any CPU.Deploy.0 = Debug|Any CPU
		{78A406B4-3E23-4BC4-88BD-7BF79CE2BB75}.Release|Any CPU.ActiveCfg = Release|Any CPU
		{78A406B4-3E23-4BC4-88BD-7BF79CE2BB75}.Release|Any CPU.Build.0 = Release|Any CPU
		{78A406B4-3E23-4BC4-88BD-7BF79CE2BB75}.Release|Any CPU.Deploy.0 = Release|Any CPU
		{083BA4ED-DB3D-40F5-8EA5-1CB395DDA203}.Debug|Any CPU.ActiveCfg = Debug|Any CPU
		{083BA4ED-DB3D-40F5-8EA5-1CB395DDA203}.Debug|Any CPU.Build.0 = Debug|Any CPU
		{083BA4ED-DB3D-40F5-8EA5-1CB395DDA203}.Release|Any CPU.ActiveCfg = Release|Any CPU
		{083BA4ED-DB3D-40F5-8EA5-1CB395DDA203}.Release|Any CPU.Build.0 = Release|Any CPU
	EndGlobalSection
	GlobalSection(SolutionProperties) = preSolution
		HideSolutionNode = FALSE
	EndGlobalSection
	GlobalSection(ExtensibilityGlobals) = postSolution
		SolutionGuid = {5E7B40B2-949E-41E3-8E95-D331A1823560}
	EndGlobalSection
EndGlobal
